{
  "nodes": {
    "nixpkgs": {
      "locked": {
        "lastModified": 1592784995,
        "narHash": "sha256-mj7GnZrzqwiaPf1WQ9HqOJ7eT+NHB1tDNN0mFTlgXzg=",
        "owner": "NixOS",
        "repo": "nixpkgs",
        "rev": "13c15f26d44cf7f54197891a6f0c78ce8149b037",
        "type": "github"
      },
      "original": {
        "owner": "NixOS",
        "ref": "nixos-20.03",
        "repo": "nixpkgs",
        "type": "github"
      }
    },
    "root": {
      "inputs": {
        "nixpkgs": "nixpkgs"
      }
    }
  },
  "root": "root",
  "version": 7
}
