{
  "nodes": {
    "nixpkgs": {
      "locked": {
        "lastModified": 1642609835,
        "narHash": "sha256-ZwJnV4mdis28u5vH240ec2mrApuEJYJekn23qlTwJ8c=",
        "owner": "NixOS",
        "repo": "nixpkgs",
        "rev": "77aa71f66fd05d9e7b7d1c084865d703a8008ab7",
        "type": "github"
      },
      "original": {
        "id": "nixpkgs",
        "ref": "nixos-21.11",
        "type": "indirect"
      }
    },
    "root": {
      "inputs": {
        "nixpkgs": "nixpkgs"
      }
    }
  },
  "root": "root",
  "version": 7
}
