# This file was autogenerated by Stack.
# You should not edit this file by hand.
# For more information, please see the documentation at:
#   https://docs.haskellstack.org/en/stable/lock_files

packages: []
snapshots:
- completed:
    sha256: 65b9809265860e085b4f61d4eb00d5d73e41190693620385a69cc9d9df7a901d
    size: 619164
    url: https://raw.githubusercontent.com/commercialhaskell/stackage-snapshots/master/lts/19/18.yaml
  original: lts-19.18
